// !$*UTF8*$!
{
	archiveVersion = 1;
	classes = {
	};
	objectVersion = 50;
	objects = {

/* Begin PBXBuildFile section */
		213460032555563800C6A5FB /* Symbol.swift in Sources */ = {isa = PBXBuildFile; fileRef = 213460022555563800C6A5FB /* Symbol.swift */; };
		213460062555582400C6A5FB /* ResizedImage.swift in Sources */ = {isa = PBXBuildFile; fileRef = 213460052555582400C6A5FB /* ResizedImage.swift */; };
		2134600A25555E8300C6A5FB /* ShrinkButtonStyle.swift in Sources */ = {isa = PBXBuildFile; fileRef = 2134600925555E8300C6A5FB /* ShrinkButtonStyle.swift */; };
		217AE6C6255249D1002A31C2 /* Store.swift in Sources */ = {isa = PBXBuildFile; fileRef = 217AE6C5255249D1002A31C2 /* Store.swift */; };
		217AE6C9255251A1002A31C2 /* ProductDetailView.swift in Sources */ = {isa = PBXBuildFile; fileRef = 217AE6C8255251A1002A31C2 /* ProductDetailView.swift */; };
		218425E62552CDF00053A8BB /* Preview.swift in Sources */ = {isa = PBXBuildFile; fileRef = 218425E52552CDF00053A8BB /* Preview.swift */; };
		218E811E254FC1FB0020DA54 /* BundleExtension.swift in Sources */ = {isa = PBXBuildFile; fileRef = 218E811D254FC1FB0020DA54 /* BundleExtension.swift */; };
		21B2C5262553B5E900C6B2DC /* QuantitySelector.swift in Sources */ = {isa = PBXBuildFile; fileRef = 21B2C5252553B5E900C6B2DC /* QuantitySelector.swift */; };
		21B2C5292553D29500C6B2DC /* FavoriteButton.swift in Sources */ = {isa = PBXBuildFile; fileRef = 21B2C5282553D29500C6B2DC /* FavoriteButton.swift */; };
		21B2C52C2553DCDA00C6B2DC /* Order.swift in Sources */ = {isa = PBXBuildFile; fileRef = 21B2C52B2553DCDA00C6B2DC /* Order.swift */; };
		BF05CED8255660C4000039FF /* Popup.swift in Sources */ = {isa = PBXBuildFile; fileRef = BF05CED7255660C4000039FF /* Popup.swift */; };
		BF0DF58B2556911B002BC2A5 /* OrderCompletedMessage.swift in Sources */ = {isa = PBXBuildFile; fileRef = BF0DF58A2556911B002BC2A5 /* OrderCompletedMessage.swift */; };
		BF0DF5C72556BFE2002BC2A5 /* FavoriteProductScrollView.swift in Sources */ = {isa = PBXBuildFile; fileRef = BF0DF5C62556BFE2002BC2A5 /* FavoriteProductScrollView.swift */; };
		BF348A0F254D69A400B9AF98 /* ProductRow.swift in Sources */ = {isa = PBXBuildFile; fileRef = BF348A0E254D69A400B9AF98 /* ProductRow.swift */; };
		BF348A14254D7D6700B9AF98 /* ColorExtension.swift in Sources */ = {isa = PBXBuildFile; fileRef = BF348A13254D7D6700B9AF98 /* ColorExtension.swift */; };
		BF348A1B254D8E6200B9AF98 /* Product.swift in Sources */ = {isa = PBXBuildFile; fileRef = BF348A1A254D8E6200B9AF98 /* Product.swift */; };
		BF65578C254D36CF00804F9F /* FruitMartApp.swift in Sources */ = {isa = PBXBuildFile; fileRef = BF65578B254D36CF00804F9F /* FruitMartApp.swift */; };
		BF65578E254D36CF00804F9F /* Home.swift in Sources */ = {isa = PBXBuildFile; fileRef = BF65578D254D36CF00804F9F /* Home.swift */; };
		BF655793254D36D200804F9F /* Preview Assets.xcassets in Resources */ = {isa = PBXBuildFile; fileRef = BF655792254D36D200804F9F /* Preview Assets.xcassets */; };
		BF6557A3254D3E2000804F9F /* ProductData.json in Resources */ = {isa = PBXBuildFile; fileRef = BF6557A1254D3E2000804F9F /* ProductData.json */; };
		BF6557A4254D3E2000804F9F /* Assets.xcassets in Resources */ = {isa = PBXBuildFile; fileRef = BF6557A2254D3E2000804F9F /* Assets.xcassets */; };
/* End PBXBuildFile section */

/* Begin PBXFileReference section */
		213460022555563800C6A5FB /* Symbol.swift */ = {isa = PBXFileReference; lastKnownFileType = sourcecode.swift; path = Symbol.swift; sourceTree = "<group>"; };
		213460052555582400C6A5FB /* ResizedImage.swift */ = {isa = PBXFileReference; lastKnownFileType = sourcecode.swift; path = ResizedImage.swift; sourceTree = "<group>"; };
		2134600925555E8300C6A5FB /* ShrinkButtonStyle.swift */ = {isa = PBXFileReference; lastKnownFileType = sourcecode.swift; path = ShrinkButtonStyle.swift; sourceTree = "<group>"; };
		217AE6C5255249D1002A31C2 /* Store.swift */ = {isa = PBXFileReference; lastKnownFileType = sourcecode.swift; path = Store.swift; sourceTree = "<group>"; };
		217AE6C8255251A1002A31C2 /* ProductDetailView.swift */ = {isa = PBXFileReference; lastKnownFileType = sourcecode.swift; path = ProductDetailView.swift; sourceTree = "<group>"; };
		218425E52552CDF00053A8BB /* Preview.swift */ = {isa = PBXFileReference; lastKnownFileType = sourcecode.swift; path = Preview.swift; sourceTree = "<group>"; };
		218E811D254FC1FB0020DA54 /* BundleExtension.swift */ = {isa = PBXFileReference; lastKnownFileType = sourcecode.swift; path = BundleExtension.swift; sourceTree = "<group>"; };
		21B2C5252553B5E900C6B2DC /* QuantitySelector.swift */ = {isa = PBXFileReference; lastKnownFileType = sourcecode.swift; path = QuantitySelector.swift; sourceTree = "<group>"; };
		21B2C5282553D29500C6B2DC /* FavoriteButton.swift */ = {isa = PBXFileReference; lastKnownFileType = sourcecode.swift; path = FavoriteButton.swift; sourceTree = "<group>"; };
		21B2C52B2553DCDA00C6B2DC /* Order.swift */ = {isa = PBXFileReference; lastKnownFileType = sourcecode.swift; path = Order.swift; sourceTree = "<group>"; };
		BF05CED7255660C4000039FF /* Popup.swift */ = {isa = PBXFileReference; lastKnownFileType = sourcecode.swift; path = Popup.swift; sourceTree = "<group>"; };
		BF0DF58A2556911B002BC2A5 /* OrderCompletedMessage.swift */ = {isa = PBXFileReference; lastKnownFileType = sourcecode.swift; path = OrderCompletedMessage.swift; sourceTree = "<group>"; };
		BF0DF5C62556BFE2002BC2A5 /* FavoriteProductScrollView.swift */ = {isa = PBXFileReference; lastKnownFileType = sourcecode.swift; path = FavoriteProductScrollView.swift; sourceTree = "<group>"; };
		BF348A0E254D69A400B9AF98 /* ProductRow.swift */ = {isa = PBXFileReference; lastKnownFileType = sourcecode.swift; path = ProductRow.swift; sourceTree = "<group>"; };
		BF348A13254D7D6700B9AF98 /* ColorExtension.swift */ = {isa = PBXFileReference; lastKnownFileType = sourcecode.swift; path = ColorExtension.swift; sourceTree = "<group>"; };
		BF348A1A254D8E6200B9AF98 /* Product.swift */ = {isa = PBXFileReference; lastKnownFileType = sourcecode.swift; path = Product.swift; sourceTree = "<group>"; };
		BF655788254D36CF00804F9F /* FruitMart.app */ = {isa = PBXFileReference; explicitFileType = wrapper.application; includeInIndex = 0; path = FruitMart.app; sourceTree = BUILT_PRODUCTS_DIR; };
		BF65578B254D36CF00804F9F /* FruitMartApp.swift */ = {isa = PBXFileReference; lastKnownFileType = sourcecode.swift; path = FruitMartApp.swift; sourceTree = "<group>"; };
		BF65578D254D36CF00804F9F /* Home.swift */ = {isa = PBXFileReference; lastKnownFileType = sourcecode.swift; path = Home.swift; sourceTree = "<group>"; };
		BF655792254D36D200804F9F /* Preview Assets.xcassets */ = {isa = PBXFileReference; lastKnownFileType = folder.assetcatalog; path = "Preview Assets.xcassets"; sourceTree = "<group>"; };
		BF655794254D36D200804F9F /* Info.plist */ = {isa = PBXFileReference; lastKnownFileType = text.plist.xml; path = Info.plist; sourceTree = "<group>"; };
		BF6557A1254D3E2000804F9F /* ProductData.json */ = {isa = PBXFileReference; fileEncoding = 4; lastKnownFileType = text.json; path = ProductData.json; sourceTree = "<group>"; };
		BF6557A2254D3E2000804F9F /* Assets.xcassets */ = {isa = PBXFileReference; lastKnownFileType = folder.assetcatalog; name = Assets.xcassets; path = Resources/Assets.xcassets; sourceTree = "<group>"; };
/* End PBXFileReference section */

/* Begin PBXFrameworksBuildPhase section */
		BF655785254D36CF00804F9F /* Frameworks */ = {
			isa = PBXFrameworksBuildPhase;
			buildActionMask = 2147483647;
			files = (
			);
			runOnlyForDeploymentPostprocessing = 0;
		};
/* End PBXFrameworksBuildPhase section */

/* Begin PBXGroup section */
		2134600825555E6300C6A5FB /* CustomStyle */ = {
			isa = PBXGroup;
			children = (
				2134600925555E8300C6A5FB /* ShrinkButtonStyle.swift */,
			);
			path = CustomStyle;
			sourceTree = "<group>";
		};
		218425E42552CDD90053A8BB /* CustomView */ = {
			isa = PBXGroup;
			children = (
				218425E52552CDF00053A8BB /* Preview.swift */,
				213460022555563800C6A5FB /* Symbol.swift */,
				213460052555582400C6A5FB /* ResizedImage.swift */,
			);
			path = CustomView;
			sourceTree = "<group>";
		};
		BF05CED6255660A5000039FF /* ViewModifier */ = {
			isa = PBXGroup;
			children = (
				BF05CED7255660C4000039FF /* Popup.swift */,
			);
			path = ViewModifier;
			sourceTree = "<group>";
		};
		BF348A11254D7D4400B9AF98 /* Helper */ = {
			isa = PBXGroup;
			children = (
				BF05CED6255660A5000039FF /* ViewModifier */,
				2134600825555E6300C6A5FB /* CustomStyle */,
				218425E42552CDD90053A8BB /* CustomView */,
				BF348A12254D7D4D00B9AF98 /* Extension */,
			);
			path = Helper;
			sourceTree = "<group>";
		};
		BF348A12254D7D4D00B9AF98 /* Extension */ = {
			isa = PBXGroup;
			children = (
				BF348A13254D7D6700B9AF98 /* ColorExtension.swift */,
				218E811D254FC1FB0020DA54 /* BundleExtension.swift */,
			);
			path = Extension;
			sourceTree = "<group>";
		};
		BF348A17254D8E2000B9AF98 /* User Interface */ = {
			isa = PBXGroup;
			children = (
				BF6557B6254D475100804F9F /* Home */,
			);
			path = "User Interface";
			sourceTree = "<group>";
		};
		BF348A19254D8E4D00B9AF98 /* Model */ = {
			isa = PBXGroup;
			children = (
				BF348A1A254D8E6200B9AF98 /* Product.swift */,
				217AE6C5255249D1002A31C2 /* Store.swift */,
				21B2C52B2553DCDA00C6B2DC /* Order.swift */,
			);
			path = Model;
			sourceTree = "<group>";
		};
		BF65577F254D36CF00804F9F = {
			isa = PBXGroup;
			children = (
				BF65578A254D36CF00804F9F /* FruitMart */,
				BF655789254D36CF00804F9F /* Products */,
			);
			sourceTree = "<group>";
		};
		BF655789254D36CF00804F9F /* Products */ = {
			isa = PBXGroup;
			children = (
				BF655788254D36CF00804F9F /* FruitMart.app */,
			);
			name = Products;
			sourceTree = "<group>";
		};
		BF65578A254D36CF00804F9F /* FruitMart */ = {
			isa = PBXGroup;
			children = (
				BF655794254D36D200804F9F /* Info.plist */,
				BF65579C254D3D8300804F9F /* Source */,
				BF65579F254D3DC700804F9F /* Resources */,
				BF655791254D36D200804F9F /* Preview Content */,
			);
			path = FruitMart;
			sourceTree = "<group>";
		};
		BF655791254D36D200804F9F /* Preview Content */ = {
			isa = PBXGroup;
			children = (
				BF655792254D36D200804F9F /* Preview Assets.xcassets */,
			);
			path = "Preview Content";
			sourceTree = "<group>";
		};
		BF65579C254D3D8300804F9F /* Source */ = {
			isa = PBXGroup;
			children = (
				BF348A19254D8E4D00B9AF98 /* Model */,
				BF348A11254D7D4400B9AF98 /* Helper */,
				BF348A17254D8E2000B9AF98 /* User Interface */,
				BF6557B8254D475D00804F9F /* Application */,
			);
			path = Source;
			sourceTree = "<group>";
		};
		BF65579F254D3DC700804F9F /* Resources */ = {
			isa = PBXGroup;
			children = (
				BF6557A1254D3E2000804F9F /* ProductData.json */,
				BF6557A2254D3E2000804F9F /* Assets.xcassets */,
			);
			path = Resources;
			sourceTree = "<group>";
		};
		BF6557B6254D475100804F9F /* Home */ = {
			isa = PBXGroup;
			children = (
				BF65578D254D36CF00804F9F /* Home.swift */,
				BF348A0E254D69A400B9AF98 /* ProductRow.swift */,
				217AE6C8255251A1002A31C2 /* ProductDetailView.swift */,
				21B2C5252553B5E900C6B2DC /* QuantitySelector.swift */,
				21B2C5282553D29500C6B2DC /* FavoriteButton.swift */,
				BF0DF58A2556911B002BC2A5 /* OrderCompletedMessage.swift */,
				BF0DF5C62556BFE2002BC2A5 /* FavoriteProductScrollView.swift */,
			);
			path = Home;
			sourceTree = "<group>";
		};
		BF6557B8254D475D00804F9F /* Application */ = {
			isa = PBXGroup;
			children = (
				BF65578B254D36CF00804F9F /* FruitMartApp.swift */,
			);
			path = Application;
			sourceTree = "<group>";
		};
/* End PBXGroup section */

/* Begin PBXNativeTarget section */
		BF655787254D36CF00804F9F /* FruitMart */ = {
			isa = PBXNativeTarget;
			buildConfigurationList = BF655797254D36D200804F9F /* Build configuration list for PBXNativeTarget "FruitMart" */;
			buildPhases = (
				BF655784254D36CF00804F9F /* Sources */,
				BF655785254D36CF00804F9F /* Frameworks */,
				BF655786254D36CF00804F9F /* Resources */,
			);
			buildRules = (
			);
			dependencies = (
			);
			name = FruitMart;
			productName = FruitMart;
			productReference = BF655788254D36CF00804F9F /* FruitMart.app */;
			productType = "com.apple.product-type.application";
		};
/* End PBXNativeTarget section */

/* Begin PBXProject section */
		BF655780254D36CF00804F9F /* Project object */ = {
			isa = PBXProject;
			attributes = {
				LastSwiftUpdateCheck = 1210;
				LastUpgradeCheck = 1210;
				TargetAttributes = {
					BF655787254D36CF00804F9F = {
						CreatedOnToolsVersion = 12.1;
					};
				};
			};
			buildConfigurationList = BF655783254D36CF00804F9F /* Build configuration list for PBXProject "FruitMart" */;
			compatibilityVersion = "Xcode 9.3";
			developmentRegion = en;
			hasScannedForEncodings = 0;
			knownRegions = (
				en,
				Base,
			);
			mainGroup = BF65577F254D36CF00804F9F;
			productRefGroup = BF655789254D36CF00804F9F /* Products */;
			projectDirPath = "";
			projectRoot = "";
			targets = (
				BF655787254D36CF00804F9F /* FruitMart */,
			);
		};
/* End PBXProject section */

/* Begin PBXResourcesBuildPhase section */
		BF655786254D36CF00804F9F /* Resources */ = {
			isa = PBXResourcesBuildPhase;
			buildActionMask = 2147483647;
			files = (
				BF655793254D36D200804F9F /* Preview Assets.xcassets in Resources */,
				BF6557A4254D3E2000804F9F /* Assets.xcassets in Resources */,
				BF6557A3254D3E2000804F9F /* ProductData.json in Resources */,
			);
			runOnlyForDeploymentPostprocessing = 0;
		};
/* End PBXResourcesBuildPhase section */

/* Begin PBXSourcesBuildPhase section */
		BF655784254D36CF00804F9F /* Sources */ = {
			isa = PBXSourcesBuildPhase;
			buildActionMask = 2147483647;
			files = (
				217AE6C6255249D1002A31C2 /* Store.swift in Sources */,
				217AE6C9255251A1002A31C2 /* ProductDetailView.swift in Sources */,
				BF65578E254D36CF00804F9F /* Home.swift in Sources */,
				BF65578C254D36CF00804F9F /* FruitMartApp.swift in Sources */,
				BF348A1B254D8E6200B9AF98 /* Product.swift in Sources */,
				BF0DF58B2556911B002BC2A5 /* OrderCompletedMessage.swift in Sources */,
				213460032555563800C6A5FB /* Symbol.swift in Sources */,
				BF0DF5C72556BFE2002BC2A5 /* FavoriteProductScrollView.swift in Sources */,
				BF348A0F254D69A400B9AF98 /* ProductRow.swift in Sources */,
				21B2C52C2553DCDA00C6B2DC /* Order.swift in Sources */,
				213460062555582400C6A5FB /* ResizedImage.swift in Sources */,
				BF348A14254D7D6700B9AF98 /* ColorExtension.swift in Sources */,
				BF05CED8255660C4000039FF /* Popup.swift in Sources */,
				21B2C5262553B5E900C6B2DC /* QuantitySelector.swift in Sources */,
				218425E62552CDF00053A8BB /* Preview.swift in Sources */,
				21B2C5292553D29500C6B2DC /* FavoriteButton.swift in Sources */,
				2134600A25555E8300C6A5FB /* ShrinkButtonStyle.swift in Sources */,
				218E811E254FC1FB0020DA54 /* BundleExtension.swift in Sources */,
			);
			runOnlyForDeploymentPostprocessing = 0;
		};
/* End PBXSourcesBuildPhase section */

/* Begin XCBuildConfiguration section */
		BF655795254D36D200804F9F /* Debug */ = {
			isa = XCBuildConfiguration;
			buildSettings = {
				ALWAYS_SEARCH_USER_PATHS = NO;
				CLANG_ANALYZER_NONNULL = YES;
				CLANG_ANALYZER_NUMBER_OBJECT_CONVERSION = YES_AGGRESSIVE;
				CLANG_CXX_LANGUAGE_STANDARD = "gnu++14";
				CLANG_CXX_LIBRARY = "libc++";
				CLANG_ENABLE_MODULES = YES;
				CLANG_ENABLE_OBJC_ARC = YES;
				CLANG_ENABLE_OBJC_WEAK = YES;
				CLANG_WARN_BLOCK_CAPTURE_AUTORELEASING = YES;
				CLANG_WARN_BOOL_CONVERSION = YES;
				CLANG_WARN_COMMA = YES;
				CLANG_WARN_CONSTANT_CONVERSION = YES;
				CLANG_WARN_DEPRECATED_OBJC_IMPLEMENTATIONS = YES;
				CLANG_WARN_DIRECT_OBJC_ISA_USAGE = YES_ERROR;
				CLANG_WARN_DOCUMENTATION_COMMENTS = YES;
				CLANG_WARN_EMPTY_BODY = YES;
				CLANG_WARN_ENUM_CONVERSION = YES;
				CLANG_WARN_INFINITE_RECURSION = YES;
				CLANG_WARN_INT_CONVERSION = YES;
				CLANG_WARN_NON_LITERAL_NULL_CONVERSION = YES;
				CLANG_WARN_OBJC_IMPLICIT_RETAIN_SELF = YES;
				CLANG_WARN_OBJC_LITERAL_CONVERSION = YES;
				CLANG_WARN_OBJC_ROOT_CLASS = YES_ERROR;
				CLANG_WARN_QUOTED_INCLUDE_IN_FRAMEWORK_HEADER = YES;
				CLANG_WARN_RANGE_LOOP_ANALYSIS = YES;
				CLANG_WARN_STRICT_PROTOTYPES = YES;
				CLANG_WARN_SUSPICIOUS_MOVE = YES;
				CLANG_WARN_UNGUARDED_AVAILABILITY = YES_AGGRESSIVE;
				CLANG_WARN_UNREACHABLE_CODE = YES;
				CLANG_WARN__DUPLICATE_METHOD_MATCH = YES;
				COPY_PHASE_STRIP = NO;
				DEBUG_INFORMATION_FORMAT = dwarf;
				ENABLE_STRICT_OBJC_MSGSEND = YES;
				ENABLE_TESTABILITY = YES;
				GCC_C_LANGUAGE_STANDARD = gnu11;
				GCC_DYNAMIC_NO_PIC = NO;
				GCC_NO_COMMON_BLOCKS = YES;
				GCC_OPTIMIZATION_LEVEL = 0;
				GCC_PREPROCESSOR_DEFINITIONS = (
					"DEBUG=1",
					"$(inherited)",
				);
				GCC_WARN_64_TO_32_BIT_CONVERSION = YES;
				GCC_WARN_ABOUT_RETURN_TYPE = YES_ERROR;
				GCC_WARN_UNDECLARED_SELECTOR = YES;
				GCC_WARN_UNINITIALIZED_AUTOS = YES_AGGRESSIVE;
				GCC_WARN_UNUSED_FUNCTION = YES;
				GCC_WARN_UNUSED_VARIABLE = YES;
				IPHONEOS_DEPLOYMENT_TARGET = 14.1;
				MTL_ENABLE_DEBUG_INFO = INCLUDE_SOURCE;
				MTL_FAST_MATH = YES;
				ONLY_ACTIVE_ARCH = YES;
				SDKROOT = iphoneos;
				SWIFT_ACTIVE_COMPILATION_CONDITIONS = DEBUG;
				SWIFT_OPTIMIZATION_LEVEL = "-Onone";
			};
			name = Debug;
		};
		BF655796254D36D200804F9F /* Release */ = {
			isa = XCBuildConfiguration;
			buildSettings = {
				ALWAYS_SEARCH_USER_PATHS = NO;
				CLANG_ANALYZER_NONNULL = YES;
				CLANG_ANALYZER_NUMBER_OBJECT_CONVERSION = YES_AGGRESSIVE;
				CLANG_CXX_LANGUAGE_STANDARD = "gnu++14";
				CLANG_CXX_LIBRARY = "libc++";
				CLANG_ENABLE_MODULES = YES;
				CLANG_ENABLE_OBJC_ARC = YES;
				CLANG_ENABLE_OBJC_WEAK = YES;
				CLANG_WARN_BLOCK_CAPTURE_AUTORELEASING = YES;
				CLANG_WARN_BOOL_CONVERSION = YES;
				CLANG_WARN_COMMA = YES;
				CLANG_WARN_CONSTANT_CONVERSION = YES;
				CLANG_WARN_DEPRECATED_OBJC_IMPLEMENTATIONS = YES;
				CLANG_WARN_DIRECT_OBJC_ISA_USAGE = YES_ERROR;
				CLANG_WARN_DOCUMENTATION_COMMENTS = YES;
				CLANG_WARN_EMPTY_BODY = YES;
				CLANG_WARN_ENUM_CONVERSION = YES;
				CLANG_WARN_INFINITE_RECURSION = YES;
				CLANG_WARN_INT_CONVERSION = YES;
				CLANG_WARN_NON_LITERAL_NULL_CONVERSION = YES;
				CLANG_WARN_OBJC_IMPLICIT_RETAIN_SELF = YES;
				CLANG_WARN_OBJC_LITERAL_CONVERSION = YES;
				CLANG_WARN_OBJC_ROOT_CLASS = YES_ERROR;
				CLANG_WARN_QUOTED_INCLUDE_IN_FRAMEWORK_HEADER = YES;
				CLANG_WARN_RANGE_LOOP_ANALYSIS = YES;
				CLANG_WARN_STRICT_PROTOTYPES = YES;
				CLANG_WARN_SUSPICIOUS_MOVE = YES;
				CLANG_WARN_UNGUARDED_AVAILABILITY = YES_AGGRESSIVE;
				CLANG_WARN_UNREACHABLE_CODE = YES;
				CLANG_WARN__DUPLICATE_METHOD_MATCH = YES;
				COPY_PHASE_STRIP = NO;
				DEBUG_INFORMATION_FORMAT = "dwarf-with-dsym";
				ENABLE_NS_ASSERTIONS = NO;
				ENABLE_STRICT_OBJC_MSGSEND = YES;
				GCC_C_LANGUAGE_STANDARD = gnu11;
				GCC_NO_COMMON_BLOCKS = YES;
				GCC_WARN_64_TO_32_BIT_CONVERSION = YES;
				GCC_WARN_ABOUT_RETURN_TYPE = YES_ERROR;
				GCC_WARN_UNDECLARED_SELECTOR = YES;
				GCC_WARN_UNINITIALIZED_AUTOS = YES_AGGRESSIVE;
				GCC_WARN_UNUSED_FUNCTION = YES;
				GCC_WARN_UNUSED_VARIABLE = YES;
				IPHONEOS_DEPLOYMENT_TARGET = 14.1;
				MTL_ENABLE_DEBUG_INFO = NO;
				MTL_FAST_MATH = YES;
				SDKROOT = iphoneos;
				SWIFT_COMPILATION_MODE = wholemodule;
				SWIFT_OPTIMIZATION_LEVEL = "-O";
				VALIDATE_PRODUCT = YES;
			};
			name = Release;
		};
		BF655798254D36D200804F9F /* Debug */ = {
			isa = XCBuildConfiguration;
			buildSettings = {
				ASSETCATALOG_COMPILER_APPICON_NAME = AppIcon;
				ASSETCATALOG_COMPILER_GLOBAL_ACCENT_COLOR_NAME = AccentColor;
				CODE_SIGN_STYLE = Automatic;
				DEVELOPMENT_ASSET_PATHS = "\"FruitMart/Preview Content\"";
				ENABLE_PREVIEWS = YES;
				INFOPLIST_FILE = FruitMart/Info.plist;
				IPHONEOS_DEPLOYMENT_TARGET = 14.0;
				LD_RUNPATH_SEARCH_PATHS = (
					"$(inherited)",
					"@executable_path/Frameworks",
				);
				PRODUCT_BUNDLE_IDENTIFIER = GyeongJunLee.FruitMart;
				PRODUCT_NAME = "$(TARGET_NAME)";
				SWIFT_VERSION = 5.0;
				TARGETED_DEVICE_FAMILY = "1,2";
			};
			name = Debug;
		};
		BF655799254D36D200804F9F /* Release */ = {
			isa = XCBuildConfiguration;
			buildSettings = {
				ASSETCATALOG_COMPILER_APPICON_NAME = AppIcon;
				ASSETCATALOG_COMPILER_GLOBAL_ACCENT_COLOR_NAME = AccentColor;
				CODE_SIGN_STYLE = Automatic;
				DEVELOPMENT_ASSET_PATHS = "\"FruitMart/Preview Content\"";
				ENABLE_PREVIEWS = YES;
				INFOPLIST_FILE = FruitMart/Info.plist;
				IPHONEOS_DEPLOYMENT_TARGET = 14.0;
				LD_RUNPATH_SEARCH_PATHS = (
					"$(inherited)",
					"@executable_path/Frameworks",
				);
				PRODUCT_BUNDLE_IDENTIFIER = GyeongJunLee.FruitMart;
				PRODUCT_NAME = "$(TARGET_NAME)";
				SWIFT_VERSION = 5.0;
				TARGETED_DEVICE_FAMILY = "1,2";
			};
			name = Release;
		};
/* End XCBuildConfiguration section */

/* Begin XCConfigurationList section */
		BF655783254D36CF00804F9F /* Build configuration list for PBXProject "FruitMart" */ = {
			isa = XCConfigurationList;
			buildConfigurations = (
				BF655795254D36D200804F9F /* Debug */,
				BF655796254D36D200804F9F /* Release */,
			);
			defaultConfigurationIsVisible = 0;
			defaultConfigurationName = Release;
		};
		BF655797254D36D200804F9F /* Build configuration list for PBXNativeTarget "FruitMart" */ = {
			isa = XCConfigurationList;
			buildConfigurations = (
				BF655798254D36D200804F9F /* Debug */,
				BF655799254D36D200804F9F /* Release */,
			);
			defaultConfigurationIsVisible = 0;
			defaultConfigurationName = Release;
		};
/* End XCConfigurationList section */
	};
	rootObject = BF655780254D36CF00804F9F /* Project object */;
}
